
Microsoft Visual Studio Solution File, Format Version 12.00
# Visual Studio Version 16
VisualStudioVersion = 16.0.29123.88
MinimumVisualStudioVersion = 10.0.40219.1
Project("{FAE04EC0-301F-11D3-BF4B-00C04F79EFBC}") = "SalesWebMvc", "SalesWebMvc\SalesWebMvc.csproj", "{95B86158-7A67-499A-A1C7-F0694CF9AC2D}"
EndProject
Global
	GlobalSection(SolutionConfigurationPlatforms) = preSolution
		Debug|Any CPU = Debug|Any CPU
		Release|Any CPU = Release|Any CPU
	EndGlobalSection
	GlobalSection(ProjectConfigurationPlatforms) = postSolution
		{95B86158-7A67-499A-A1C7-F0694CF9AC2D}.Debug|Any CPU.ActiveCfg = Debug|Any CPU
		{95B86158-7A67-499A-A1C7-F0694CF9AC2D}.Debug|Any CPU.Build.0 = Debug|Any CPU
		{95B86158-7A67-499A-A1C7-F0694CF9AC2D}.Release|Any CPU.ActiveCfg = Release|Any CPU
		{95B86158-7A67-499A-A1C7-F0694CF9AC2D}.Release|Any CPU.Build.0 = Release|Any CPU
	EndGlobalSection
	GlobalSection(SolutionProperties) = preSolution
		HideSolutionNode = FALSE
	EndGlobalSection
	GlobalSection(ExtensibilityGlobals) = postSolution
		SolutionGuid = {FA4DE1D1-2937-457A-AB14-DFE7E8B86996}
	EndGlobalSection
EndGlobal
